
Microsoft Visual Studio Solution File, Format Version 12.00
# Visual Studio Version 17
VisualStudioVersion = 17.3.32825.248
MinimumVisualStudioVersion = 10.0.40219.1
Project("{8BC9CEB8-8B4A-11D0-8D11-00A0C91BC942}") = "Qiner", "Qiner.vcxproj", "{99419D23-A86C-4385-B13A-F80F552B959A}"
EndProject
Global
	GlobalSection(SolutionConfigurationPlatforms) = preSolution
		Debug|x64 = Debug|x64
		Debug|x86 = Debug|x86
		Release|x64 = Release|x64
		Release|x86 = Release|x86
	EndGlobalSection
	GlobalSection(ProjectConfigurationPlatforms) = postSolution
		{99419D23-A86C-4385-B13A-F80F552B959A}.Debug|x64.ActiveCfg = Debug|x64
		{99419D23-A86C-4385-B13A-F80F552B959A}.Debug|x64.Build.0 = Debug|x64
		{99419D23-A86C-4385-B13A-F80F552B959A}.Debug|x86.ActiveCfg = Debug|Win32
		{99419D23-A86C-4385-B13A-F80F552B959A}.Debug|x86.Build.0 = Debug|Win32
		{99419D23-A86C-4385-B13A-F80F552B959A}.Release|x64.ActiveCfg = Release|x64
		{99419D23-A86C-4385-B13A-F80F552B959A}.Release|x64.Build.0 = Release|x64
		{99419D23-A86C-4385-B13A-F80F552B959A}.Release|x86.ActiveCfg = Release|Win32
		{99419D23-A86C-4385-B13A-F80F552B959A}.Release|x86.Build.0 = Release|Win32
	EndGlobalSection
	GlobalSection(SolutionProperties) = preSolution
		HideSolutionNode = FALSE
	EndGlobalSection
	GlobalSection(ExtensibilityGlobals) = postSolution
		SolutionGuid = {703EDC15-9C2D-403F-955E-9610A0D7ACE1}
	EndGlobalSection
EndGlobal
